
Microsoft Visual Studio Solution File, Format Version 12.00
# Visual Studio Version 17
VisualStudioVersion = 17.0.31903.59
MinimumVisualStudioVersion = 10.0.40219.1
Project("{2150E333-8FDC-42A3-9474-1A3956D46DE8}") = "src", "src", "{8A599997-389B-4EA9-8D1C-428812BF87C3}"
EndProject
Project("{FAE04EC0-301F-11D3-BF4B-00C04F79EFBC}") = "Application", "src\Core\Application\Application.csproj", "{CA024A25-EE7A-4C93-80E8-AE37B0C31C83}"
EndProject
Project("{2150E333-8FDC-42A3-9474-1A3956D46DE8}") = "Core", "Core", "{E79E75BF-4279-4DFD-8E90-2321F78B9889}"
EndProject
Project("{FAE04EC0-301F-11D3-BF4B-00C04F79EFBC}") = "Shared", "src\Core\Shared\Shared.csproj", "{0EF70649-A14E-4B71-82E4-CE1677614EC4}"
EndProject
Project("{FAE04EC0-301F-11D3-BF4B-00C04F79EFBC}") = "Domain", "src\Core\Domain\Domain.csproj", "{04D10F0F-6FA4-4299-BFD6-4AED9DED338C}"
EndProject
Project("{FAE04EC0-301F-11D3-BF4B-00C04F79EFBC}") = "Infrastructure", "src\Infrastructure\Infrastructure.csproj", "{A5FE2ECC-E77D-435B-8708-2A5EBC33AB47}"
EndProject
Project("{FAE04EC0-301F-11D3-BF4B-00C04F79EFBC}") = "API", "src\API\API.csproj", "{8A926243-8513-4D4C-872B-CCABA721B490}"
EndProject
Project("{2150E333-8FDC-42A3-9474-1A3956D46DE8}") = "Migrators", "Migrators", "{B9C05CA1-7E5D-471D-851D-80ABB96FC50C}"
EndProject
Project("{FAE04EC0-301F-11D3-BF4B-00C04F79EFBC}") = "Migrators.MSSQL", "src\Migrators\Migrators.MSSQL\Migrators.MSSQL.csproj", "{E7103344-8680-4540-BB49-6614EFBE9763}"
EndProject
Global
	GlobalSection(SolutionConfigurationPlatforms) = preSolution
		Debug|Any CPU = Debug|Any CPU
		Release|Any CPU = Release|Any CPU
	EndGlobalSection
	GlobalSection(ProjectConfigurationPlatforms) = postSolution
		{CA024A25-EE7A-4C93-80E8-AE37B0C31C83}.Debug|Any CPU.ActiveCfg = Debug|Any CPU
		{CA024A25-EE7A-4C93-80E8-AE37B0C31C83}.Debug|Any CPU.Build.0 = Debug|Any CPU
		{CA024A25-EE7A-4C93-80E8-AE37B0C31C83}.Release|Any CPU.ActiveCfg = Release|Any CPU
		{CA024A25-EE7A-4C93-80E8-AE37B0C31C83}.Release|Any CPU.Build.0 = Release|Any CPU
		{0EF70649-A14E-4B71-82E4-CE1677614EC4}.Debug|Any CPU.ActiveCfg = Debug|Any CPU
		{0EF70649-A14E-4B71-82E4-CE1677614EC4}.Debug|Any CPU.Build.0 = Debug|Any CPU
		{0EF70649-A14E-4B71-82E4-CE1677614EC4}.Release|Any CPU.ActiveCfg = Release|Any CPU
		{0EF70649-A14E-4B71-82E4-CE1677614EC4}.Release|Any CPU.Build.0 = Release|Any CPU
		{04D10F0F-6FA4-4299-BFD6-4AED9DED338C}.Debug|Any CPU.ActiveCfg = Debug|Any CPU
		{04D10F0F-6FA4-4299-BFD6-4AED9DED338C}.Debug|Any CPU.Build.0 = Debug|Any CPU
		{04D10F0F-6FA4-4299-BFD6-4AED9DED338C}.Release|Any CPU.ActiveCfg = Release|Any CPU
		{04D10F0F-6FA4-4299-BFD6-4AED9DED338C}.Release|Any CPU.Build.0 = Release|Any CPU
		{A5FE2ECC-E77D-435B-8708-2A5EBC33AB47}.Debug|Any CPU.ActiveCfg = Debug|Any CPU
		{A5FE2ECC-E77D-435B-8708-2A5EBC33AB47}.Debug|Any CPU.Build.0 = Debug|Any CPU
		{A5FE2ECC-E77D-435B-8708-2A5EBC33AB47}.Release|Any CPU.ActiveCfg = Release|Any CPU
		{A5FE2ECC-E77D-435B-8708-2A5EBC33AB47}.Release|Any CPU.Build.0 = Release|Any CPU
		{8A926243-8513-4D4C-872B-CCABA721B490}.Debug|Any CPU.ActiveCfg = Debug|Any CPU
		{8A926243-8513-4D4C-872B-CCABA721B490}.Debug|Any CPU.Build.0 = Debug|Any CPU
		{8A926243-8513-4D4C-872B-CCABA721B490}.Release|Any CPU.ActiveCfg = Release|Any CPU
		{8A926243-8513-4D4C-872B-CCABA721B490}.Release|Any CPU.Build.0 = Release|Any CPU
		{E7103344-8680-4540-BB49-6614EFBE9763}.Debug|Any CPU.ActiveCfg = Debug|Any CPU
		{E7103344-8680-4540-BB49-6614EFBE9763}.Debug|Any CPU.Build.0 = Debug|Any CPU
		{E7103344-8680-4540-BB49-6614EFBE9763}.Release|Any CPU.ActiveCfg = Release|Any CPU
		{E7103344-8680-4540-BB49-6614EFBE9763}.Release|Any CPU.Build.0 = Release|Any CPU
	EndGlobalSection
	GlobalSection(SolutionProperties) = preSolution
		HideSolutionNode = FALSE
	EndGlobalSection
	GlobalSection(NestedProjects) = preSolution
		{CA024A25-EE7A-4C93-80E8-AE37B0C31C83} = {E79E75BF-4279-4DFD-8E90-2321F78B9889}
		{E79E75BF-4279-4DFD-8E90-2321F78B9889} = {8A599997-389B-4EA9-8D1C-428812BF87C3}
		{0EF70649-A14E-4B71-82E4-CE1677614EC4} = {E79E75BF-4279-4DFD-8E90-2321F78B9889}
		{04D10F0F-6FA4-4299-BFD6-4AED9DED338C} = {E79E75BF-4279-4DFD-8E90-2321F78B9889}
		{A5FE2ECC-E77D-435B-8708-2A5EBC33AB47} = {8A599997-389B-4EA9-8D1C-428812BF87C3}
		{8A926243-8513-4D4C-872B-CCABA721B490} = {8A599997-389B-4EA9-8D1C-428812BF87C3}
		{B9C05CA1-7E5D-471D-851D-80ABB96FC50C} = {8A599997-389B-4EA9-8D1C-428812BF87C3}
		{E7103344-8680-4540-BB49-6614EFBE9763} = {B9C05CA1-7E5D-471D-851D-80ABB96FC50C}
	EndGlobalSection
	GlobalSection(ExtensibilityGlobals) = postSolution
		SolutionGuid = {C8C872B2-9222-4A94-BF5D-18DFA5467708}
	EndGlobalSection
EndGlobal
